
Microsoft Visual Studio Solution File, Format Version 12.00
# Visual Studio Version 16
VisualStudioVersion = 16.0.31727.386
MinimumVisualStudioVersion = 10.0.40219.1
Project("{FAE04EC0-301F-11D3-BF4B-00C04F79EFBC}") = "IPO1-AgenciadeViajes", "IPO1-AgenciadeViajes.csproj", "{EB3F716A-0DC1-41B5-AB00-13BA52118243}"
EndProject
Project("{2150E333-8FDC-42A3-9474-1A3956D46DE8}") = "Solution Items", "Solution Items", "{EF2BDDF7-8C89-4F17-A547-D03ADC34E74E}"
EndProject
Global
	GlobalSection(SolutionConfigurationPlatforms) = preSolution
		Debug|Any CPU = Debug|Any CPU
		Release|Any CPU = Release|Any CPU
	EndGlobalSection
	GlobalSection(ProjectConfigurationPlatforms) = postSolution
		{EB3F716A-0DC1-41B5-AB00-13BA52118243}.Debug|Any CPU.ActiveCfg = Debug|Any CPU
		{EB3F716A-0DC1-41B5-AB00-13BA52118243}.Debug|Any CPU.Build.0 = Debug|Any CPU
		{EB3F716A-0DC1-41B5-AB00-13BA52118243}.Release|Any CPU.ActiveCfg = Release|Any CPU
		{EB3F716A-0DC1-41B5-AB00-13BA52118243}.Release|Any CPU.Build.0 = Release|Any CPU
	EndGlobalSection
	GlobalSection(SolutionProperties) = preSolution
		HideSolutionNode = FALSE
	EndGlobalSection
	GlobalSection(ExtensibilityGlobals) = postSolution
		SolutionGuid = {3E4A9E0A-A1CE-4414-886F-B56F2E463E61}
	EndGlobalSection
EndGlobal
